
Microsoft Visual Studio Solution File, Format Version 12.00
# Visual Studio 2013
VisualStudioVersion = 12.0.31101.0
MinimumVisualStudioVersion = 10.0.40219.1
Project("{2150E333-8FDC-42A3-9474-1A3956D46DE8}") = "MemoryGame", "MemoryGame", "{010AF83D-623C-423F-A32A-CBD019D01B40}"
EndProject
Project("{D954291E-2A0B-460D-934E-DC6B0785DB48}") = "MemoryGame.Shared", "MemoryGame\MemoryGame.Shared\MemoryGame.Shared.shproj", "{009D00DE-B177-4901-B29F-468B95837088}"
EndProject
Project("{FAE04EC0-301F-11D3-BF4B-00C04F79EFBC}") = "MemoryGame.Windows", "MemoryGame\MemoryGame.Windows\MemoryGame.Windows.csproj", "{D3028D9E-BA8A-4EFD-9471-69E43FDE8C32}"
EndProject
Project("{FAE04EC0-301F-11D3-BF4B-00C04F79EFBC}") = "MemoryGame.WindowsPhone", "MemoryGame\MemoryGame.WindowsPhone\MemoryGame.WindowsPhone.csproj", "{A3723D0F-B301-4A68-AB23-77B8288B7CD4}"
EndProject
Global
	GlobalSection(SharedMSBuildProjectFiles) = preSolution
		MemoryGame\MemoryGame.Shared\MemoryGame.Shared.projitems*{009d00de-b177-4901-b29f-468b95837088}*SharedItemsImports = 13
		MemoryGame\MemoryGame.Shared\MemoryGame.Shared.projitems*{d3028d9e-ba8a-4efd-9471-69e43fde8c32}*SharedItemsImports = 4
		MemoryGame\MemoryGame.Shared\MemoryGame.Shared.projitems*{a3723d0f-b301-4a68-ab23-77b8288b7cd4}*SharedItemsImports = 4
	EndGlobalSection
	GlobalSection(SolutionConfigurationPlatforms) = preSolution
		Debug|Any CPU = Debug|Any CPU
		Debug|ARM = Debug|ARM
		Debug|x64 = Debug|x64
		Debug|x86 = Debug|x86
		Release|Any CPU = Release|Any CPU
		Release|ARM = Release|ARM
		Release|x64 = Release|x64
		Release|x86 = Release|x86
	EndGlobalSection
	GlobalSection(ProjectConfigurationPlatforms) = postSolution
		{D3028D9E-BA8A-4EFD-9471-69E43FDE8C32}.Debug|Any CPU.ActiveCfg = Debug|Any CPU
		{D3028D9E-BA8A-4EFD-9471-69E43FDE8C32}.Debug|Any CPU.Build.0 = Debug|Any CPU
		{D3028D9E-BA8A-4EFD-9471-69E43FDE8C32}.Debug|Any CPU.Deploy.0 = Debug|Any CPU
		{D3028D9E-BA8A-4EFD-9471-69E43FDE8C32}.Debug|ARM.ActiveCfg = Debug|ARM
		{D3028D9E-BA8A-4EFD-9471-69E43FDE8C32}.Debug|ARM.Build.0 = Debug|ARM
		{D3028D9E-BA8A-4EFD-9471-69E43FDE8C32}.Debug|ARM.Deploy.0 = Debug|ARM
		{D3028D9E-BA8A-4EFD-9471-69E43FDE8C32}.Debug|x64.ActiveCfg = Debug|x64
		{D3028D9E-BA8A-4EFD-9471-69E43FDE8C32}.Debug|x64.Build.0 = Debug|x64
		{D3028D9E-BA8A-4EFD-9471-69E43FDE8C32}.Debug|x64.Deploy.0 = Debug|x64
		{D3028D9E-BA8A-4EFD-9471-69E43FDE8C32}.Debug|x86.ActiveCfg = Debug|x86
		{D3028D9E-BA8A-4EFD-9471-69E43FDE8C32}.Debug|x86.Build.0 = Debug|x86
		{D3028D9E-BA8A-4EFD-9471-69E43FDE8C32}.Debug|x86.Deploy.0 = Debug|x86
		{D3028D9E-BA8A-4EFD-9471-69E43FDE8C32}.Release|Any CPU.ActiveCfg = Release|Any CPU
		{D3028D9E-BA8A-4EFD-9471-69E43FDE8C32}.Release|Any CPU.Build.0 = Release|Any CPU
		{D3028D9E-BA8A-4EFD-9471-69E43FDE8C32}.Release|Any CPU.Deploy.0 = Release|Any CPU
		{D3028D9E-BA8A-4EFD-9471-69E43FDE8C32}.Release|ARM.ActiveCfg = Release|ARM
		{D3028D9E-BA8A-4EFD-9471-69E43FDE8C32}.Release|ARM.Build.0 = Release|ARM
		{D3028D9E-BA8A-4EFD-9471-69E43FDE8C32}.Release|ARM.Deploy.0 = Release|ARM
		{D3028D9E-BA8A-4EFD-9471-69E43FDE8C32}.Release|x64.ActiveCfg = Release|x64
		{D3028D9E-BA8A-4EFD-9471-69E43FDE8C32}.Release|x64.Build.0 = Release|x64
		{D3028D9E-BA8A-4EFD-9471-69E43FDE8C32}.Release|x64.Deploy.0 = Release|x64
		{D3028D9E-BA8A-4EFD-9471-69E43FDE8C32}.Release|x86.ActiveCfg = Release|x86
		{D3028D9E-BA8A-4EFD-9471-69E43FDE8C32}.Release|x86.Build.0 = Release|x86
		{D3028D9E-BA8A-4EFD-9471-69E43FDE8C32}.Release|x86.Deploy.0 = Release|x86
		{A3723D0F-B301-4A68-AB23-77B8288B7CD4}.Debug|Any CPU.ActiveCfg = Debug|Any CPU
		{A3723D0F-B301-4A68-AB23-77B8288B7CD4}.Debug|Any CPU.Build.0 = Debug|Any CPU
		{A3723D0F-B301-4A68-AB23-77B8288B7CD4}.Debug|Any CPU.Deploy.0 = Debug|Any CPU
		{A3723D0F-B301-4A68-AB23-77B8288B7CD4}.Debug|ARM.ActiveCfg = Debug|ARM
		{A3723D0F-B301-4A68-AB23-77B8288B7CD4}.Debug|ARM.Build.0 = Debug|ARM
		{A3723D0F-B301-4A68-AB23-77B8288B7CD4}.Debug|ARM.Deploy.0 = Debug|ARM
		{A3723D0F-B301-4A68-AB23-77B8288B7CD4}.Debug|x64.ActiveCfg = Debug|Any CPU
		{A3723D0F-B301-4A68-AB23-77B8288B7CD4}.Debug|x86.ActiveCfg = Debug|x86
		{A3723D0F-B301-4A68-AB23-77B8288B7CD4}.Debug|x86.Build.0 = Debug|x86
		{A3723D0F-B301-4A68-AB23-77B8288B7CD4}.Debug|x86.Deploy.0 = Debug|x86
		{A3723D0F-B301-4A68-AB23-77B8288B7CD4}.Release|Any CPU.ActiveCfg = Release|Any CPU
		{A3723D0F-B301-4A68-AB23-77B8288B7CD4}.Release|Any CPU.Build.0 = Release|Any CPU
		{A3723D0F-B301-4A68-AB23-77B8288B7CD4}.Release|Any CPU.Deploy.0 = Release|Any CPU
		{A3723D0F-B301-4A68-AB23-77B8288B7CD4}.Release|ARM.ActiveCfg = Release|ARM
		{A3723D0F-B301-4A68-AB23-77B8288B7CD4}.Release|ARM.Build.0 = Release|ARM
		{A3723D0F-B301-4A68-AB23-77B8288B7CD4}.Release|ARM.Deploy.0 = Release|ARM
		{A3723D0F-B301-4A68-AB23-77B8288B7CD4}.Release|x64.ActiveCfg = Release|Any CPU
		{A3723D0F-B301-4A68-AB23-77B8288B7CD4}.Release|x86.ActiveCfg = Release|x86
		{A3723D0F-B301-4A68-AB23-77B8288B7CD4}.Release|x86.Build.0 = Release|x86
		{A3723D0F-B301-4A68-AB23-77B8288B7CD4}.Release|x86.Deploy.0 = Release|x86
	EndGlobalSection
	GlobalSection(SolutionProperties) = preSolution
		HideSolutionNode = FALSE
	EndGlobalSection
	GlobalSection(NestedProjects) = preSolution
		{009D00DE-B177-4901-B29F-468B95837088} = {010AF83D-623C-423F-A32A-CBD019D01B40}
		{D3028D9E-BA8A-4EFD-9471-69E43FDE8C32} = {010AF83D-623C-423F-A32A-CBD019D01B40}
		{A3723D0F-B301-4A68-AB23-77B8288B7CD4} = {010AF83D-623C-423F-A32A-CBD019D01B40}
	EndGlobalSection
EndGlobal
